
Microsoft Visual Studio Solution File, Format Version 12.00
# Visual Studio Version 17
VisualStudioVersion = 17.3.32721.290
MinimumVisualStudioVersion = 10.0.40219.1
Project("{FAE04EC0-301F-11D3-BF4B-00C04F79EFBC}") = "JwtWebApiTutorial", "JwtWebApiTutorial\JwtWebApiTutorial.csproj", "{3788F00F-3E67-47A3-8C2F-7E17C873E74A}"
EndProject
Global
	GlobalSection(SolutionConfigurationPlatforms) = preSolution
		Debug|Any CPU = Debug|Any CPU
		Release|Any CPU = Release|Any CPU
	EndGlobalSection
	GlobalSection(ProjectConfigurationPlatforms) = postSolution
		{3788F00F-3E67-47A3-8C2F-7E17C873E74A}.Debug|Any CPU.ActiveCfg = Debug|Any CPU
		{3788F00F-3E67-47A3-8C2F-7E17C873E74A}.Debug|Any CPU.Build.0 = Debug|Any CPU
		{3788F00F-3E67-47A3-8C2F-7E17C873E74A}.Release|Any CPU.ActiveCfg = Release|Any CPU
		{3788F00F-3E67-47A3-8C2F-7E17C873E74A}.Release|Any CPU.Build.0 = Release|Any CPU
	EndGlobalSection
	GlobalSection(SolutionProperties) = preSolution
		HideSolutionNode = FALSE
	EndGlobalSection
	GlobalSection(ExtensibilityGlobals) = postSolution
		SolutionGuid = {3756586B-871F-48A1-BCE7-4FB05BA2D779}
	EndGlobalSection
EndGlobal
